
Microsoft Visual Studio Solution File, Format Version 12.00
# Visual Studio Version 16
VisualStudioVersion = 16.0.30330.147
MinimumVisualStudioVersion = 10.0.40219.1
Project("{FAE04EC0-301F-11D3-BF4B-00C04F79EFBC}") = "Waypoints Caculator", "Waypoints Caculator\Waypoints Caculator.csproj", "{5FF74ECF-674E-4C99-8775-503AD812945E}"
EndProject
Global
	GlobalSection(SolutionConfigurationPlatforms) = preSolution
		Debug|Any CPU = Debug|Any CPU
		Release|Any CPU = Release|Any CPU
	EndGlobalSection
	GlobalSection(ProjectConfigurationPlatforms) = postSolution
		{5FF74ECF-674E-4C99-8775-503AD812945E}.Debug|Any CPU.ActiveCfg = Debug|Any CPU
		{5FF74ECF-674E-4C99-8775-503AD812945E}.Debug|Any CPU.Build.0 = Debug|Any CPU
		{5FF74ECF-674E-4C99-8775-503AD812945E}.Release|Any CPU.ActiveCfg = Release|Any CPU
		{5FF74ECF-674E-4C99-8775-503AD812945E}.Release|Any CPU.Build.0 = Release|Any CPU
	EndGlobalSection
	GlobalSection(SolutionProperties) = preSolution
		HideSolutionNode = FALSE
	EndGlobalSection
	GlobalSection(ExtensibilityGlobals) = postSolution
		SolutionGuid = {0AE2DEA6-1CFF-4DDA-B3FF-FB48AD59A6A4}
	EndGlobalSection
EndGlobal
