
Microsoft Visual Studio Solution File, Format Version 12.00
# Visual Studio Version 16
VisualStudioVersion = 16.0.30330.147
MinimumVisualStudioVersion = 10.0.40219.1
Project("{FAE04EC0-301F-11D3-BF4B-00C04F79EFBC}") = "Waypoints", "Waypoints\Waypoints.csproj", "{4DBB2C17-4D56-4222-8054-5275C54D243C}"
EndProject
Global
	GlobalSection(SolutionConfigurationPlatforms) = preSolution
		Debug|Any CPU = Debug|Any CPU
		Release|Any CPU = Release|Any CPU
	EndGlobalSection
	GlobalSection(ProjectConfigurationPlatforms) = postSolution
		{4DBB2C17-4D56-4222-8054-5275C54D243C}.Debug|Any CPU.ActiveCfg = Debug|Any CPU
		{4DBB2C17-4D56-4222-8054-5275C54D243C}.Debug|Any CPU.Build.0 = Debug|Any CPU
		{4DBB2C17-4D56-4222-8054-5275C54D243C}.Release|Any CPU.ActiveCfg = Release|Any CPU
		{4DBB2C17-4D56-4222-8054-5275C54D243C}.Release|Any CPU.Build.0 = Release|Any CPU
	EndGlobalSection
	GlobalSection(SolutionProperties) = preSolution
		HideSolutionNode = FALSE
	EndGlobalSection
	GlobalSection(ExtensibilityGlobals) = postSolution
		SolutionGuid = {0AE2DEA6-1CFF-4DDA-B3FF-FB48AD59A6A4}
	EndGlobalSection
EndGlobal
